// !$*UTF8*$!
{
	archiveVersion = 1;
	classes = {
	};
	objectVersion = 50;
	objects = {

/* Begin PBXBuildFile section */
		05FC25F021C805A2008C707C /* AppDelegate.swift in Sources */ = {isa = PBXBuildFile; fileRef = 05FC25EF21C805A2008C707C /* AppDelegate.swift */; };
		05FC25F521C805A2008C707C /* Main.storyboard in Resources */ = {isa = PBXBuildFile; fileRef = 05FC25F321C805A2008C707C /* Main.storyboard */; };
		05FC25F721C805A4008C707C /* Assets.xcassets in Resources */ = {isa = PBXBuildFile; fileRef = 05FC25F621C805A4008C707C /* Assets.xcassets */; };
		05FC25FA21C805A4008C707C /* LaunchScreen.storyboard in Resources */ = {isa = PBXBuildFile; fileRef = 05FC25F821C805A4008C707C /* LaunchScreen.storyboard */; };
		05FC260221C806FB008C707C /* PageViewController.swift in Sources */ = {isa = PBXBuildFile; fileRef = 05FC260121C806FB008C707C /* PageViewController.swift */; };
		05FC260421C80E6A008C707C /* FirstViewController.swift in Sources */ = {isa = PBXBuildFile; fileRef = 05FC260321C80E6A008C707C /* FirstViewController.swift */; };
		05FC260621C80E75008C707C /* SecondViewController.swift in Sources */ = {isa = PBXBuildFile; fileRef = 05FC260521C80E75008C707C /* SecondViewController.swift */; };
/* End PBXBuildFile section */

/* Begin PBXFileReference section */
		05FC25EC21C805A2008C707C /* PageWithDotsApp.app */ = {isa = PBXFileReference; explicitFileType = wrapper.application; includeInIndex = 0; path = PageWithDotsApp.app; sourceTree = BUILT_PRODUCTS_DIR; };
		05FC25EF21C805A2008C707C /* AppDelegate.swift */ = {isa = PBXFileReference; lastKnownFileType = sourcecode.swift; path = AppDelegate.swift; sourceTree = "<group>"; };
		05FC25F421C805A2008C707C /* Base */ = {isa = PBXFileReference; lastKnownFileType = file.storyboard; name = Base; path = Base.lproj/Main.storyboard; sourceTree = "<group>"; };
		05FC25F621C805A4008C707C /* Assets.xcassets */ = {isa = PBXFileReference; lastKnownFileType = folder.assetcatalog; path = Assets.xcassets; sourceTree = "<group>"; };
		05FC25F921C805A4008C707C /* Base */ = {isa = PBXFileReference; lastKnownFileType = file.storyboard; name = Base; path = Base.lproj/LaunchScreen.storyboard; sourceTree = "<group>"; };
		05FC25FB21C805A4008C707C /* Info.plist */ = {isa = PBXFileReference; lastKnownFileType = text.plist.xml; path = Info.plist; sourceTree = "<group>"; };
		05FC260121C806FB008C707C /* PageViewController.swift */ = {isa = PBXFileReference; lastKnownFileType = sourcecode.swift; path = PageViewController.swift; sourceTree = "<group>"; };
		05FC260321C80E6A008C707C /* FirstViewController.swift */ = {isa = PBXFileReference; lastKnownFileType = sourcecode.swift; path = FirstViewController.swift; sourceTree = "<group>"; };
		05FC260521C80E75008C707C /* SecondViewController.swift */ = {isa = PBXFileReference; lastKnownFileType = sourcecode.swift; path = SecondViewController.swift; sourceTree = "<group>"; };
/* End PBXFileReference section */

/* Begin PBXFrameworksBuildPhase section */
		05FC25E921C805A2008C707C /* Frameworks */ = {
			isa = PBXFrameworksBuildPhase;
			buildActionMask = 2147483647;
			files = (
			);
			runOnlyForDeploymentPostprocessing = 0;
		};
/* End PBXFrameworksBuildPhase section */

/* Begin PBXGroup section */
		05FC25E321C805A2008C707C = {
			isa = PBXGroup;
			children = (
				05FC25EE21C805A2008C707C /* PageWithDotsApp */,
				05FC25ED21C805A2008C707C /* Products */,
			);
			sourceTree = "<group>";
		};
		05FC25ED21C805A2008C707C /* Products */ = {
			isa = PBXGroup;
			children = (
				05FC25EC21C805A2008C707C /* PageWithDotsApp.app */,
			);
			name = Products;
			sourceTree = "<group>";
		};
		05FC25EE21C805A2008C707C /* PageWithDotsApp */ = {
			isa = PBXGroup;
			children = (
				05FC25EF21C805A2008C707C /* AppDelegate.swift */,
				05FC25F321C805A2008C707C /* Main.storyboard */,
				05FC260321C80E6A008C707C /* FirstViewController.swift */,
				05FC260521C80E75008C707C /* SecondViewController.swift */,
				05FC260121C806FB008C707C /* PageViewController.swift */,
				05FC25F621C805A4008C707C /* Assets.xcassets */,
				05FC25F821C805A4008C707C /* LaunchScreen.storyboard */,
				05FC25FB21C805A4008C707C /* Info.plist */,
			);
			path = PageWithDotsApp;
			sourceTree = "<group>";
		};
/* End PBXGroup section */

/* Begin PBXNativeTarget section */
		05FC25EB21C805A2008C707C /* PageWithDotsApp */ = {
			isa = PBXNativeTarget;
			buildConfigurationList = 05FC25FE21C805A4008C707C /* Build configuration list for PBXNativeTarget "PageWithDotsApp" */;
			buildPhases = (
				05FC25E821C805A2008C707C /* Sources */,
				05FC25E921C805A2008C707C /* Frameworks */,
				05FC25EA21C805A2008C707C /* Resources */,
			);
			buildRules = (
			);
			dependencies = (
			);
			name = PageWithDotsApp;
			productName = PageWithDotsApp;
			productReference = 05FC25EC21C805A2008C707C /* PageWithDotsApp.app */;
			productType = "com.apple.product-type.application";
		};
/* End PBXNativeTarget section */

/* Begin PBXProject section */
		05FC25E421C805A2008C707C /* Project object */ = {
			isa = PBXProject;
			attributes = {
				LastSwiftUpdateCheck = 1010;
				LastUpgradeCheck = 1010;
				ORGANIZATIONNAME = "Genesis Mosquera";
				TargetAttributes = {
					05FC25EB21C805A2008C707C = {
						CreatedOnToolsVersion = 10.1;
					};
				};
			};
			buildConfigurationList = 05FC25E721C805A2008C707C /* Build configuration list for PBXProject "PageWithDotsApp" */;
			compatibilityVersion = "Xcode 9.3";
			developmentRegion = en;
			hasScannedForEncodings = 0;
			knownRegions = (
				en,
				Base,
			);
			mainGroup = 05FC25E321C805A2008C707C;
			productRefGroup = 05FC25ED21C805A2008C707C /* Products */;
			projectDirPath = "";
			projectRoot = "";
			targets = (
				05FC25EB21C805A2008C707C /* PageWithDotsApp */,
			);
		};
/* End PBXProject section */

/* Begin PBXResourcesBuildPhase section */
		05FC25EA21C805A2008C707C /* Resources */ = {
			isa = PBXResourcesBuildPhase;
			buildActionMask = 2147483647;
			files = (
				05FC25FA21C805A4008C707C /* LaunchScreen.storyboard in Resources */,
				05FC25F721C805A4008C707C /* Assets.xcassets in Resources */,
				05FC25F521C805A2008C707C /* Main.storyboard in Resources */,
			);
			runOnlyForDeploymentPostprocessing = 0;
		};
/* End PBXResourcesBuildPhase section */

/* Begin PBXSourcesBuildPhase section */
		05FC25E821C805A2008C707C /* Sources */ = {
			isa = PBXSourcesBuildPhase;
			buildActionMask = 2147483647;
			files = (
				05FC260621C80E75008C707C /* SecondViewController.swift in Sources */,
				05FC260421C80E6A008C707C /* FirstViewController.swift in Sources */,
				05FC25F021C805A2008C707C /* AppDelegate.swift in Sources */,
				05FC260221C806FB008C707C /* PageViewController.swift in Sources */,
			);
			runOnlyForDeploymentPostprocessing = 0;
		};
/* End PBXSourcesBuildPhase section */

/* Begin PBXVariantGroup section */
		05FC25F321C805A2008C707C /* Main.storyboard */ = {
			isa = PBXVariantGroup;
			children = (
				05FC25F421C805A2008C707C /* Base */,
			);
			name = Main.storyboard;
			sourceTree = "<group>";
		};
		05FC25F821C805A4008C707C /* LaunchScreen.storyboard */ = {
			isa = PBXVariantGroup;
			children = (
				05FC25F921C805A4008C707C /* Base */,
			);
			name = LaunchScreen.storyboard;
			sourceTree = "<group>";
		};
/* End PBXVariantGroup section */

/* Begin XCBuildConfiguration section */
		05FC25FC21C805A4008C707C /* Debug */ = {
			isa = XCBuildConfiguration;
			buildSettings = {
				ALWAYS_SEARCH_USER_PATHS = NO;
				CLANG_ANALYZER_NONNULL = YES;
				CLANG_ANALYZER_NUMBER_OBJECT_CONVERSION = YES_AGGRESSIVE;
				CLANG_CXX_LANGUAGE_STANDARD = "gnu++14";
				CLANG_CXX_LIBRARY = "libc++";
				CLANG_ENABLE_MODULES = YES;
				CLANG_ENABLE_OBJC_ARC = YES;
				CLANG_ENABLE_OBJC_WEAK = YES;
				CLANG_WARN_BLOCK_CAPTURE_AUTORELEASING = YES;
				CLANG_WARN_BOOL_CONVERSION = YES;
				CLANG_WARN_COMMA = YES;
				CLANG_WARN_CONSTANT_CONVERSION = YES;
				CLANG_WARN_DEPRECATED_OBJC_IMPLEMENTATIONS = YES;
				CLANG_WARN_DIRECT_OBJC_ISA_USAGE = YES_ERROR;
				CLANG_WARN_DOCUMENTATION_COMMENTS = YES;
				CLANG_WARN_EMPTY_BODY = YES;
				CLANG_WARN_ENUM_CONVERSION = YES;
				CLANG_WARN_INFINITE_RECURSION = YES;
				CLANG_WARN_INT_CONVERSION = YES;
				CLANG_WARN_NON_LITERAL_NULL_CONVERSION = YES;
				CLANG_WARN_OBJC_IMPLICIT_RETAIN_SELF = YES;
				CLANG_WARN_OBJC_LITERAL_CONVERSION = YES;
				CLANG_WARN_OBJC_ROOT_CLASS = YES_ERROR;
				CLANG_WARN_RANGE_LOOP_ANALYSIS = YES;
				CLANG_WARN_STRICT_PROTOTYPES = YES;
				CLANG_WARN_SUSPICIOUS_MOVE = YES;
				CLANG_WARN_UNGUARDED_AVAILABILITY = YES_AGGRESSIVE;
				CLANG_WARN_UNREACHABLE_CODE = YES;
				CLANG_WARN__DUPLICATE_METHOD_MATCH = YES;
				CODE_SIGN_IDENTITY = "iPhone Developer";
				COPY_PHASE_STRIP = NO;
				DEBUG_INFORMATION_FORMAT = dwarf;
				ENABLE_STRICT_OBJC_MSGSEND = YES;
				ENABLE_TESTABILITY = YES;
				GCC_C_LANGUAGE_STANDARD = gnu11;
				GCC_DYNAMIC_NO_PIC = NO;
				GCC_NO_COMMON_BLOCKS = YES;
				GCC_OPTIMIZATION_LEVEL = 0;
				GCC_PREPROCESSOR_DEFINITIONS = (
					"DEBUG=1",
					"$(inherited)",
				);
				GCC_WARN_64_TO_32_BIT_CONVERSION = YES;
				GCC_WARN_ABOUT_RETURN_TYPE = YES_ERROR;
				GCC_WARN_UNDECLARED_SELECTOR = YES;
				GCC_WARN_UNINITIALIZED_AUTOS = YES_AGGRESSIVE;
				GCC_WARN_UNUSED_FUNCTION = YES;
				GCC_WARN_UNUSED_VARIABLE = YES;
				IPHONEOS_DEPLOYMENT_TARGET = 12.1;
				MTL_ENABLE_DEBUG_INFO = INCLUDE_SOURCE;
				MTL_FAST_MATH = YES;
				ONLY_ACTIVE_ARCH = YES;
				SDKROOT = iphoneos;
				SWIFT_ACTIVE_COMPILATION_CONDITIONS = DEBUG;
				SWIFT_OPTIMIZATION_LEVEL = "-Onone";
			};
			name = Debug;
		};
		05FC25FD21C805A4008C707C /* Release */ = {
			isa = XCBuildConfiguration;
			buildSettings = {
				ALWAYS_SEARCH_USER_PATHS = NO;
				CLANG_ANALYZER_NONNULL = YES;
				CLANG_ANALYZER_NUMBER_OBJECT_CONVERSION = YES_AGGRESSIVE;
				CLANG_CXX_LANGUAGE_STANDARD = "gnu++14";
				CLANG_CXX_LIBRARY = "libc++";
				CLANG_ENABLE_MODULES = YES;
				CLANG_ENABLE_OBJC_ARC = YES;
				CLANG_ENABLE_OBJC_WEAK = YES;
				CLANG_WARN_BLOCK_CAPTURE_AUTORELEASING = YES;
				CLANG_WARN_BOOL_CONVERSION = YES;
				CLANG_WARN_COMMA = YES;
				CLANG_WARN_CONSTANT_CONVERSION = YES;
				CLANG_WARN_DEPRECATED_OBJC_IMPLEMENTATIONS = YES;
				CLANG_WARN_DIRECT_OBJC_ISA_USAGE = YES_ERROR;
				CLANG_WARN_DOCUMENTATION_COMMENTS = YES;
				CLANG_WARN_EMPTY_BODY = YES;
				CLANG_WARN_ENUM_CONVERSION = YES;
				CLANG_WARN_INFINITE_RECURSION = YES;
				CLANG_WARN_INT_CONVERSION = YES;
				CLANG_WARN_NON_LITERAL_NULL_CONVERSION = YES;
				CLANG_WARN_OBJC_IMPLICIT_RETAIN_SELF = YES;
				CLANG_WARN_OBJC_LITERAL_CONVERSION = YES;
				CLANG_WARN_OBJC_ROOT_CLASS = YES_ERROR;
				CLANG_WARN_RANGE_LOOP_ANALYSIS = YES;
				CLANG_WARN_STRICT_PROTOTYPES = YES;
				CLANG_WARN_SUSPICIOUS_MOVE = YES;
				CLANG_WARN_UNGUARDED_AVAILABILITY = YES_AGGRESSIVE;
				CLANG_WARN_UNREACHABLE_CODE = YES;
				CLANG_WARN__DUPLICATE_METHOD_MATCH = YES;
				CODE_SIGN_IDENTITY = "iPhone Developer";
				COPY_PHASE_STRIP = NO;
				DEBUG_INFORMATION_FORMAT = "dwarf-with-dsym";
				ENABLE_NS_ASSERTIONS = NO;
				ENABLE_STRICT_OBJC_MSGSEND = YES;
				GCC_C_LANGUAGE_STANDARD = gnu11;
				GCC_NO_COMMON_BLOCKS = YES;
				GCC_WARN_64_TO_32_BIT_CONVERSION = YES;
				GCC_WARN_ABOUT_RETURN_TYPE = YES_ERROR;
				GCC_WARN_UNDECLARED_SELECTOR = YES;
				GCC_WARN_UNINITIALIZED_AUTOS = YES_AGGRESSIVE;
				GCC_WARN_UNUSED_FUNCTION = YES;
				GCC_WARN_UNUSED_VARIABLE = YES;
				IPHONEOS_DEPLOYMENT_TARGET = 12.1;
				MTL_ENABLE_DEBUG_INFO = NO;
				MTL_FAST_MATH = YES;
				SDKROOT = iphoneos;
				SWIFT_COMPILATION_MODE = wholemodule;
				SWIFT_OPTIMIZATION_LEVEL = "-O";
				VALIDATE_PRODUCT = YES;
			};
			name = Release;
		};
		05FC25FF21C805A4008C707C /* Debug */ = {
			isa = XCBuildConfiguration;
			buildSettings = {
				ASSETCATALOG_COMPILER_APPICON_NAME = AppIcon;
				CODE_SIGN_STYLE = Automatic;
				DEVELOPMENT_TEAM = 9DV268QUJB;
				INFOPLIST_FILE = PageWithDotsApp/Info.plist;
				LD_RUNPATH_SEARCH_PATHS = (
					"$(inherited)",
					"@executable_path/Frameworks",
				);
				PRODUCT_BUNDLE_IDENTIFIER = com.genceci.PageWithDotsApp;
				PRODUCT_NAME = "$(TARGET_NAME)";
				SWIFT_VERSION = 4.2;
				TARGETED_DEVICE_FAMILY = "1,2";
			};
			name = Debug;
		};
		05FC260021C805A4008C707C /* Release */ = {
			isa = XCBuildConfiguration;
			buildSettings = {
				ASSETCATALOG_COMPILER_APPICON_NAME = AppIcon;
				CODE_SIGN_STYLE = Automatic;
				DEVELOPMENT_TEAM = 9DV268QUJB;
				INFOPLIST_FILE = PageWithDotsApp/Info.plist;
				LD_RUNPATH_SEARCH_PATHS = (
					"$(inherited)",
					"@executable_path/Frameworks",
				);
				PRODUCT_BUNDLE_IDENTIFIER = com.genceci.PageWithDotsApp;
				PRODUCT_NAME = "$(TARGET_NAME)";
				SWIFT_VERSION = 4.2;
				TARGETED_DEVICE_FAMILY = "1,2";
			};
			name = Release;
		};
/* End XCBuildConfiguration section */

/* Begin XCConfigurationList section */
		05FC25E721C805A2008C707C /* Build configuration list for PBXProject "PageWithDotsApp" */ = {
			isa = XCConfigurationList;
			buildConfigurations = (
				05FC25FC21C805A4008C707C /* Debug */,
				05FC25FD21C805A4008C707C /* Release */,
			);
			defaultConfigurationIsVisible = 0;
			defaultConfigurationName = Release;
		};
		05FC25FE21C805A4008C707C /* Build configuration list for PBXNativeTarget "PageWithDotsApp" */ = {
			isa = XCConfigurationList;
			buildConfigurations = (
				05FC25FF21C805A4008C707C /* Debug */,
				05FC260021C805A4008C707C /* Release */,
			);
			defaultConfigurationIsVisible = 0;
			defaultConfigurationName = Release;
		};
/* End XCConfigurationList section */
	};
	rootObject = 05FC25E421C805A2008C707C /* Project object */;
}
